
Microsoft Visual Studio Solution File, Format Version 12.00
# Visual Studio Version 17
VisualStudioVersion = 17.3.32929.385
MinimumVisualStudioVersion = 10.0.40219.1
Project("{FAE04EC0-301F-11D3-BF4B-00C04F79EFBC}") = "WinForms", "WinForms\WinForms.csproj", "{199F20FC-FE0A-4045-8033-6A475A552A46}"
EndProject
Global
	GlobalSection(SolutionConfigurationPlatforms) = preSolution
		Debug|Any CPU = Debug|Any CPU
		Release|Any CPU = Release|Any CPU
	EndGlobalSection
	GlobalSection(ProjectConfigurationPlatforms) = postSolution
		{199F20FC-FE0A-4045-8033-6A475A552A46}.Debug|Any CPU.ActiveCfg = Debug|Any CPU
		{199F20FC-FE0A-4045-8033-6A475A552A46}.Debug|Any CPU.Build.0 = Debug|Any CPU
		{199F20FC-FE0A-4045-8033-6A475A552A46}.Release|Any CPU.ActiveCfg = Release|Any CPU
		{199F20FC-FE0A-4045-8033-6A475A552A46}.Release|Any CPU.Build.0 = Release|Any CPU
	EndGlobalSection
	GlobalSection(SolutionProperties) = preSolution
		HideSolutionNode = FALSE
	EndGlobalSection
	GlobalSection(ExtensibilityGlobals) = postSolution
		SolutionGuid = {789B6FAE-07DD-4559-94DC-5843B935526C}
	EndGlobalSection
EndGlobal
